
Microsoft Visual Studio Solution File, Format Version 12.00
# Visual Studio Version 16
VisualStudioVersion = 16.0.37327.17
MinimumVisualStudioVersion = 10.0.40219.1
Project("{B1E792BE-AA5F-4E3C-8C82-674BF9C0715B}") = "NikonMotorProject2025", "NikonMotorProject2025.tsproj", "{36FE44A9-F83F-48AF-818A-25AD69EF9E65}"
EndProject
Global
	GlobalSection(SolutionConfigurationPlatforms) = preSolution
		Debug|TwinCAT CE7 (ARMV7) = Debug|TwinCAT CE7 (ARMV7)
		Debug|TwinCAT OS (ARMT2) = Debug|TwinCAT OS (ARMT2)
		Debug|TwinCAT OS (ARMV7-A) = Debug|TwinCAT OS (ARMV7-A)
		Debug|TwinCAT OS (ARMV7-M) = Debug|TwinCAT OS (ARMV7-M)
		Debug|TwinCAT OS (ARMV8-A) = Debug|TwinCAT OS (ARMV8-A)
		Debug|TwinCAT OS (x64) = Debug|TwinCAT OS (x64)
		Debug|TwinCAT OS (x64-E) = Debug|TwinCAT OS (x64-E)
		Debug|TwinCAT RT (x64) = Debug|TwinCAT RT (x64)
		Debug|TwinCAT RT (x86) = Debug|TwinCAT RT (x86)
		Release|TwinCAT CE7 (ARMV7) = Release|TwinCAT CE7 (ARMV7)
		Release|TwinCAT OS (ARMT2) = Release|TwinCAT OS (ARMT2)
		Release|TwinCAT OS (ARMV7-A) = Release|TwinCAT OS (ARMV7-A)
		Release|TwinCAT OS (ARMV7-M) = Release|TwinCAT OS (ARMV7-M)
		Release|TwinCAT OS (ARMV8-A) = Release|TwinCAT OS (ARMV8-A)
		Release|TwinCAT OS (x64) = Release|TwinCAT OS (x64)
		Release|TwinCAT OS (x64-E) = Release|TwinCAT OS (x64-E)
		Release|TwinCAT RT (x64) = Release|TwinCAT RT (x64)
		Release|TwinCAT RT (x86) = Release|TwinCAT RT (x86)
	EndGlobalSection
	GlobalSection(ProjectConfigurationPlatforms) = postSolution
		{36FE44A9-F83F-48AF-818A-25AD69EF9E65}.Debug|TwinCAT CE7 (ARMV7).ActiveCfg = Debug|TwinCAT CE7 (ARMV7)
		{36FE44A9-F83F-48AF-818A-25AD69EF9E65}.Debug|TwinCAT CE7 (ARMV7).Build.0 = Debug|TwinCAT CE7 (ARMV7)
		{36FE44A9-F83F-48AF-818A-25AD69EF9E65}.Debug|TwinCAT OS (ARMT2).ActiveCfg = Debug|TwinCAT OS (ARMV8-A)
		{36FE44A9-F83F-48AF-818A-25AD69EF9E65}.Debug|TwinCAT OS (ARMV7-A).ActiveCfg = Debug|TwinCAT OS (ARMV7-A)
		{36FE44A9-F83F-48AF-818A-25AD69EF9E65}.Debug|TwinCAT OS (ARMV7-A).Build.0 = Debug|TwinCAT OS (ARMV7-A)
		{36FE44A9-F83F-48AF-818A-25AD69EF9E65}.Debug|TwinCAT OS (ARMV7-M).ActiveCfg = Debug|TwinCAT OS (ARMV7-M)
		{36FE44A9-F83F-48AF-818A-25AD69EF9E65}.Debug|TwinCAT OS (ARMV7-M).Build.0 = Debug|TwinCAT OS (ARMV7-M)
		{36FE44A9-F83F-48AF-818A-25AD69EF9E65}.Debug|TwinCAT OS (ARMV8-A).ActiveCfg = Debug|TwinCAT OS (ARMV8-A)
		{36FE44A9-F83F-48AF-818A-25AD69EF9E65}.Debug|TwinCAT OS (ARMV8-A).Build.0 = Debug|TwinCAT OS (ARMV8-A)
		{36FE44A9-F83F-48AF-818A-25AD69EF9E65}.Debug|TwinCAT OS (x64).ActiveCfg = Debug|TwinCAT OS (x64)
		{36FE44A9-F83F-48AF-818A-25AD69EF9E65}.Debug|TwinCAT OS (x64).Build.0 = Debug|TwinCAT OS (x64)
		{36FE44A9-F83F-48AF-818A-25AD69EF9E65}.Debug|TwinCAT OS (x64-E).ActiveCfg = Debug|TwinCAT OS (x64-E)
		{36FE44A9-F83F-48AF-818A-25AD69EF9E65}.Debug|TwinCAT OS (x64-E).Build.0 = Debug|TwinCAT OS (x64-E)
		{36FE44A9-F83F-48AF-818A-25AD69EF9E65}.Debug|TwinCAT RT (x64).ActiveCfg = Debug|TwinCAT RT (x64)
		{36FE44A9-F83F-48AF-818A-25AD69EF9E65}.Debug|TwinCAT RT (x64).Build.0 = Debug|TwinCAT RT (x64)
		{36FE44A9-F83F-48AF-818A-25AD69EF9E65}.Debug|TwinCAT RT (x86).ActiveCfg = Debug|TwinCAT RT (x86)
		{36FE44A9-F83F-48AF-818A-25AD69EF9E65}.Debug|TwinCAT RT (x86).Build.0 = Debug|TwinCAT RT (x86)
		{36FE44A9-F83F-48AF-818A-25AD69EF9E65}.Release|TwinCAT CE7 (ARMV7).ActiveCfg = Release|TwinCAT CE7 (ARMV7)
		{36FE44A9-F83F-48AF-818A-25AD69EF9E65}.Release|TwinCAT CE7 (ARMV7).Build.0 = Release|TwinCAT CE7 (ARMV7)
		{36FE44A9-F83F-48AF-818A-25AD69EF9E65}.Release|TwinCAT OS (ARMT2).ActiveCfg = Release|TwinCAT OS (ARMV8-A)
		{36FE44A9-F83F-48AF-818A-25AD69EF9E65}.Release|TwinCAT OS (ARMV7-A).ActiveCfg = Release|TwinCAT OS (ARMV7-A)
		{36FE44A9-F83F-48AF-818A-25AD69EF9E65}.Release|TwinCAT OS (ARMV7-A).Build.0 = Release|TwinCAT OS (ARMV7-A)
		{36FE44A9-F83F-48AF-818A-25AD69EF9E65}.Release|TwinCAT OS (ARMV7-M).ActiveCfg = Release|TwinCAT OS (ARMV7-M)
		{36FE44A9-F83F-48AF-818A-25AD69EF9E65}.Release|TwinCAT OS (ARMV7-M).Build.0 = Release|TwinCAT OS (ARMV7-M)
		{36FE44A9-F83F-48AF-818A-25AD69EF9E65}.Release|TwinCAT OS (ARMV8-A).ActiveCfg = Release|TwinCAT OS (ARMV8-A)
		{36FE44A9-F83F-48AF-818A-25AD69EF9E65}.Release|TwinCAT OS (ARMV8-A).Build.0 = Release|TwinCAT OS (ARMV8-A)
		{36FE44A9-F83F-48AF-818A-25AD69EF9E65}.Release|TwinCAT OS (x64).ActiveCfg = Release|TwinCAT OS (x64)
		{36FE44A9-F83F-48AF-818A-25AD69EF9E65}.Release|TwinCAT OS (x64).Build.0 = Release|TwinCAT OS (x64)
		{36FE44A9-F83F-48AF-818A-25AD69EF9E65}.Release|TwinCAT OS (x64-E).ActiveCfg = Release|TwinCAT OS (x64-E)
		{36FE44A9-F83F-48AF-818A-25AD69EF9E65}.Release|TwinCAT OS (x64-E).Build.0 = Release|TwinCAT OS (x64-E)
		{36FE44A9-F83F-48AF-818A-25AD69EF9E65}.Release|TwinCAT RT (x64).ActiveCfg = Release|TwinCAT RT (x64)
		{36FE44A9-F83F-48AF-818A-25AD69EF9E65}.Release|TwinCAT RT (x64).Build.0 = Release|TwinCAT RT (x64)
		{36FE44A9-F83F-48AF-818A-25AD69EF9E65}.Release|TwinCAT RT (x86).ActiveCfg = Release|TwinCAT RT (x86)
		{36FE44A9-F83F-48AF-818A-25AD69EF9E65}.Release|TwinCAT RT (x86).Build.0 = Release|TwinCAT RT (x86)
		{52BE3A44-3275-46C1-A2D9-B3818AAED1FE}.Debug|TwinCAT CE7 (ARMV7).ActiveCfg = Debug|TwinCAT CE7 (ARMV7)
		{52BE3A44-3275-46C1-A2D9-B3818AAED1FE}.Debug|TwinCAT CE7 (ARMV7).Build.0 = Debug|TwinCAT CE7 (ARMV7)
		{52BE3A44-3275-46C1-A2D9-B3818AAED1FE}.Debug|TwinCAT OS (ARMT2).ActiveCfg = Debug|TwinCAT OS (ARMV7-A)
		{52BE3A44-3275-46C1-A2D9-B3818AAED1FE}.Debug|TwinCAT OS (ARMV7-A).ActiveCfg = Debug|TwinCAT OS (ARMV7-A)
		{52BE3A44-3275-46C1-A2D9-B3818AAED1FE}.Debug|TwinCAT OS (ARMV7-A).Build.0 = Debug|TwinCAT OS (ARMV7-A)
		{52BE3A44-3275-46C1-A2D9-B3818AAED1FE}.Debug|TwinCAT OS (ARMV7-M).ActiveCfg = Debug|TwinCAT OS (ARMV7-M)
		{52BE3A44-3275-46C1-A2D9-B3818AAED1FE}.Debug|TwinCAT OS (ARMV7-M).Build.0 = Debug|TwinCAT OS (ARMV7-M)
		{52BE3A44-3275-46C1-A2D9-B3818AAED1FE}.Debug|TwinCAT OS (ARMV8-A).ActiveCfg = Debug|TwinCAT OS (ARMV8-A)
		{52BE3A44-3275-46C1-A2D9-B3818AAED1FE}.Debug|TwinCAT OS (ARMV8-A).Build.0 = Debug|TwinCAT OS (ARMV8-A)
		{52BE3A44-3275-46C1-A2D9-B3818AAED1FE}.Debug|TwinCAT OS (x64).ActiveCfg = Debug|TwinCAT OS (x64)
		{52BE3A44-3275-46C1-A2D9-B3818AAED1FE}.Debug|TwinCAT OS (x64).Build.0 = Debug|TwinCAT OS (x64)
		{52BE3A44-3275-46C1-A2D9-B3818AAED1FE}.Debug|TwinCAT OS (x64-E).ActiveCfg = Debug|TwinCAT OS (x64-E)
		{52BE3A44-3275-46C1-A2D9-B3818AAED1FE}.Debug|TwinCAT OS (x64-E).Build.0 = Debug|TwinCAT OS (x64-E)
		{52BE3A44-3275-46C1-A2D9-B3818AAED1FE}.Debug|TwinCAT RT (x64).ActiveCfg = Debug|TwinCAT RT (x64)
		{52BE3A44-3275-46C1-A2D9-B3818AAED1FE}.Debug|TwinCAT RT (x64).Build.0 = Debug|TwinCAT RT (x64)
		{52BE3A44-3275-46C1-A2D9-B3818AAED1FE}.Debug|TwinCAT RT (x86).ActiveCfg = Debug|TwinCAT RT (x86)
		{52BE3A44-3275-46C1-A2D9-B3818AAED1FE}.Debug|TwinCAT RT (x86).Build.0 = Debug|TwinCAT RT (x86)
		{52BE3A44-3275-46C1-A2D9-B3818AAED1FE}.Release|TwinCAT CE7 (ARMV7).ActiveCfg = Release|TwinCAT CE7 (ARMV7)
		{52BE3A44-3275-46C1-A2D9-B3818AAED1FE}.Release|TwinCAT CE7 (ARMV7).Build.0 = Release|TwinCAT CE7 (ARMV7)
		{52BE3A44-3275-46C1-A2D9-B3818AAED1FE}.Release|TwinCAT OS (ARMT2).ActiveCfg = Release|TwinCAT OS (ARMV7-A)
		{52BE3A44-3275-46C1-A2D9-B3818AAED1FE}.Release|TwinCAT OS (ARMV7-A).ActiveCfg = Release|TwinCAT OS (ARMV7-A)
		{52BE3A44-3275-46C1-A2D9-B3818AAED1FE}.Release|TwinCAT OS (ARMV7-A).Build.0 = Release|TwinCAT OS (ARMV7-A)
		{52BE3A44-3275-46C1-A2D9-B3818AAED1FE}.Release|TwinCAT OS (ARMV7-M).ActiveCfg = Release|TwinCAT OS (ARMV7-M)
		{52BE3A44-3275-46C1-A2D9-B3818AAED1FE}.Release|TwinCAT OS (ARMV7-M).Build.0 = Release|TwinCAT OS (ARMV7-M)
		{52BE3A44-3275-46C1-A2D9-B3818AAED1FE}.Release|TwinCAT OS (ARMV8-A).ActiveCfg = Release|TwinCAT OS (ARMV8-A)
		{52BE3A44-3275-46C1-A2D9-B3818AAED1FE}.Release|TwinCAT OS (ARMV8-A).Build.0 = Release|TwinCAT OS (ARMV8-A)
		{52BE3A44-3275-46C1-A2D9-B3818AAED1FE}.Release|TwinCAT OS (x64).ActiveCfg = Release|TwinCAT OS (x64)
		{52BE3A44-3275-46C1-A2D9-B3818AAED1FE}.Release|TwinCAT OS (x64).Build.0 = Release|TwinCAT OS (x64)
		{52BE3A44-3275-46C1-A2D9-B3818AAED1FE}.Release|TwinCAT OS (x64-E).ActiveCfg = Release|TwinCAT OS (x64-E)
		{52BE3A44-3275-46C1-A2D9-B3818AAED1FE}.Release|TwinCAT OS (x64-E).Build.0 = Release|TwinCAT OS (x64-E)
		{52BE3A44-3275-46C1-A2D9-B3818AAED1FE}.Release|TwinCAT RT (x64).ActiveCfg = Release|TwinCAT RT (x64)
		{52BE3A44-3275-46C1-A2D9-B3818AAED1FE}.Release|TwinCAT RT (x64).Build.0 = Release|TwinCAT RT (x64)
		{52BE3A44-3275-46C1-A2D9-B3818AAED1FE}.Release|TwinCAT RT (x86).ActiveCfg = Release|TwinCAT RT (x86)
		{52BE3A44-3275-46C1-A2D9-B3818AAED1FE}.Release|TwinCAT RT (x86).Build.0 = Release|TwinCAT RT (x86)
		{202AFE72-925E-4F92-BA0E-AC1483343BB6}.Debug|TwinCAT CE7 (ARMV7).ActiveCfg = Debug|TwinCAT CE7 (ARMV7)
		{202AFE72-925E-4F92-BA0E-AC1483343BB6}.Debug|TwinCAT CE7 (ARMV7).Build.0 = Debug|TwinCAT CE7 (ARMV7)
		{202AFE72-925E-4F92-BA0E-AC1483343BB6}.Debug|TwinCAT OS (ARMT2).ActiveCfg = Debug|TwinCAT OS (ARMV7-A)
		{202AFE72-925E-4F92-BA0E-AC1483343BB6}.Debug|TwinCAT OS (ARMV7-A).ActiveCfg = Debug|TwinCAT OS (ARMV7-A)
		{202AFE72-925E-4F92-BA0E-AC1483343BB6}.Debug|TwinCAT OS (ARMV7-A).Build.0 = Debug|TwinCAT OS (ARMV7-A)
		{202AFE72-925E-4F92-BA0E-AC1483343BB6}.Debug|TwinCAT OS (ARMV7-M).ActiveCfg = Debug|TwinCAT OS (ARMV7-M)
		{202AFE72-925E-4F92-BA0E-AC1483343BB6}.Debug|TwinCAT OS (ARMV7-M).Build.0 = Debug|TwinCAT OS (ARMV7-M)
		{202AFE72-925E-4F92-BA0E-AC1483343BB6}.Debug|TwinCAT OS (ARMV8-A).ActiveCfg = Debug|TwinCAT OS (ARMV8-A)
		{202AFE72-925E-4F92-BA0E-AC1483343BB6}.Debug|TwinCAT OS (ARMV8-A).Build.0 = Debug|TwinCAT OS (ARMV8-A)
		{202AFE72-925E-4F92-BA0E-AC1483343BB6}.Debug|TwinCAT OS (x64).ActiveCfg = Debug|TwinCAT OS (x64)
		{202AFE72-925E-4F92-BA0E-AC1483343BB6}.Debug|TwinCAT OS (x64).Build.0 = Debug|TwinCAT OS (x64)
		{202AFE72-925E-4F92-BA0E-AC1483343BB6}.Debug|TwinCAT OS (x64-E).ActiveCfg = Debug|TwinCAT OS (x64-E)
		{202AFE72-925E-4F92-BA0E-AC1483343BB6}.Debug|TwinCAT OS (x64-E).Build.0 = Debug|TwinCAT OS (x64-E)
		{202AFE72-925E-4F92-BA0E-AC1483343BB6}.Debug|TwinCAT RT (x64).ActiveCfg = Debug|TwinCAT RT (x64)
		{202AFE72-925E-4F92-BA0E-AC1483343BB6}.Debug|TwinCAT RT (x64).Build.0 = Debug|TwinCAT RT (x64)
		{202AFE72-925E-4F92-BA0E-AC1483343BB6}.Debug|TwinCAT RT (x86).ActiveCfg = Debug|TwinCAT RT (x86)
		{202AFE72-925E-4F92-BA0E-AC1483343BB6}.Debug|TwinCAT RT (x86).Build.0 = Debug|TwinCAT RT (x86)
		{202AFE72-925E-4F92-BA0E-AC1483343BB6}.Release|TwinCAT CE7 (ARMV7).ActiveCfg = Release|TwinCAT CE7 (ARMV7)
		{202AFE72-925E-4F92-BA0E-AC1483343BB6}.Release|TwinCAT CE7 (ARMV7).Build.0 = Release|TwinCAT CE7 (ARMV7)
		{202AFE72-925E-4F92-BA0E-AC1483343BB6}.Release|TwinCAT OS (ARMT2).ActiveCfg = Release|TwinCAT OS (ARMV7-A)
		{202AFE72-925E-4F92-BA0E-AC1483343BB6}.Release|TwinCAT OS (ARMV7-A).ActiveCfg = Release|TwinCAT OS (ARMV7-A)
		{202AFE72-925E-4F92-BA0E-AC1483343BB6}.Release|TwinCAT OS (ARMV7-A).Build.0 = Release|TwinCAT OS (ARMV7-A)
		{202AFE72-925E-4F92-BA0E-AC1483343BB6}.Release|TwinCAT OS (ARMV7-M).ActiveCfg = Release|TwinCAT OS (ARMV7-M)
		{202AFE72-925E-4F92-BA0E-AC1483343BB6}.Release|TwinCAT OS (ARMV7-M).Build.0 = Release|TwinCAT OS (ARMV7-M)
		{202AFE72-925E-4F92-BA0E-AC1483343BB6}.Release|TwinCAT OS (ARMV8-A).ActiveCfg = Release|TwinCAT OS (ARMV8-A)
		{202AFE72-925E-4F92-BA0E-AC1483343BB6}.Release|TwinCAT OS (ARMV8-A).Build.0 = Release|TwinCAT OS (ARMV8-A)
		{202AFE72-925E-4F92-BA0E-AC1483343BB6}.Release|TwinCAT OS (x64).ActiveCfg = Release|TwinCAT OS (x64)
		{202AFE72-925E-4F92-BA0E-AC1483343BB6}.Release|TwinCAT OS (x64).Build.0 = Release|TwinCAT OS (x64)
		{202AFE72-925E-4F92-BA0E-AC1483343BB6}.Release|TwinCAT OS (x64-E).ActiveCfg = Release|TwinCAT OS (x64-E)
		{202AFE72-925E-4F92-BA0E-AC1483343BB6}.Release|TwinCAT OS (x64-E).Build.0 = Release|TwinCAT OS (x64-E)
		{202AFE72-925E-4F92-BA0E-AC1483343BB6}.Release|TwinCAT RT (x64).ActiveCfg = Release|TwinCAT RT (x64)
		{202AFE72-925E-4F92-BA0E-AC1483343BB6}.Release|TwinCAT RT (x64).Build.0 = Release|TwinCAT RT (x64)
		{202AFE72-925E-4F92-BA0E-AC1483343BB6}.Release|TwinCAT RT (x86).ActiveCfg = Release|TwinCAT RT (x86)
		{202AFE72-925E-4F92-BA0E-AC1483343BB6}.Release|TwinCAT RT (x86).Build.0 = Release|TwinCAT RT (x86)
	EndGlobalSection
	GlobalSection(SolutionProperties) = preSolution
		HideSolutionNode = FALSE
	EndGlobalSection
	GlobalSection(ExtensibilityGlobals) = postSolution
		SolutionGuid = {8EE14F42-08A0-485C-86F6-15DDB97D93E2}
	EndGlobalSection
EndGlobal
